
Microsoft Visual Studio Solution File, Format Version 12.00
# Visual Studio Version 16
VisualStudioVersion = 16.0.30128.74
MinimumVisualStudioVersion = 10.0.40219.1
Project("{FAE04EC0-301F-11D3-BF4B-00C04F79EFBC}") = "Calculator Game UI", "Calculator Game UI\Calculator Game UI.csproj", "{2CD3375E-4BFB-49E3-BB9A-60924AC2DC53}"
EndProject
Global
	GlobalSection(SolutionConfigurationPlatforms) = preSolution
		Debug|Any CPU = Debug|Any CPU
		Release|Any CPU = Release|Any CPU
	EndGlobalSection
	GlobalSection(ProjectConfigurationPlatforms) = postSolution
		{2CD3375E-4BFB-49E3-BB9A-60924AC2DC53}.Debug|Any CPU.ActiveCfg = Debug|Any CPU
		{2CD3375E-4BFB-49E3-BB9A-60924AC2DC53}.Debug|Any CPU.Build.0 = Debug|Any CPU
		{2CD3375E-4BFB-49E3-BB9A-60924AC2DC53}.Release|Any CPU.ActiveCfg = Release|Any CPU
		{2CD3375E-4BFB-49E3-BB9A-60924AC2DC53}.Release|Any CPU.Build.0 = Release|Any CPU
	EndGlobalSection
	GlobalSection(SolutionProperties) = preSolution
		HideSolutionNode = FALSE
	EndGlobalSection
	GlobalSection(ExtensibilityGlobals) = postSolution
		SolutionGuid = {6FB204DC-E130-4FFD-99A3-098C0C7F1767}
	EndGlobalSection
EndGlobal
